{
  "lockfileVersion": 1,
  "configVersion": 0,
  "workspaces": {
    "": {
      "name": "tosijs-3d",
      "devDependencies": {
        "@babylonjs/core": "^9.16.2",
        "@babylonjs/gui": "^9.16.2",
        "@babylonjs/loaders": "^9.16.2",
        "@babylonjs/materials": "^9.16.2",
        "@eslint/js": "^10.0.1",
        "@types/bun": "latest",
        "babylonjs-gltf2interface": "^9.16.2",
        "chokidar": "^4.0.3",
        "eslint": "^10.6.0",
        "globals": "^17.7.0",
        "haltija": "^1.4.0",
        "happy-dom": "^20.10.6",
        "jolt-physics": "^1.1.0",
        "prettier": "^2.8.8",
        "tosijs": "^1.7.8",
        "tosijs-ui": "^1.7.4",
        "typescript": "^5.9.3",
        "typescript-eslint": "^8.62.1",
      },
      "peerDependencies": {
        "@babylonjs/core": "^9.0.0",
        "@babylonjs/gui": "^9.0.0",
        "@babylonjs/loaders": "^9.0.0",
        "@babylonjs/materials": "^9.0.0",
        "jolt-physics": "^1.1.0",
        "tosijs": "^1.7.8",
      },
      "optionalPeers": [
        "jolt-physics",
      ],
    },
  },
  "packages": {
    "@babylonjs/core": ["@babylonjs/core@9.16.2", "", {}, "sha512-C4cIyQ/lwfH+Rx8HOhw3YmdhSWff4eSJjwsmGNiz4cyuygWFnOWw5ar+Q1g8yZuyy29rqn6+dQ++OqvhePeuXQ=="],

    "@babylonjs/gui": ["@babylonjs/gui@9.16.2", "", { "peerDependencies": { "@babylonjs/core": "^9.0.0" } }, "sha512-K/MvA98Ey9yROalThsq+8WA6XWE2WvWGivbgYos/FXF8CjP/5BJVHkL9wxpBVcduKEPcRJPzB7b6Qy3Uway7KQ=="],

    "@babylonjs/loaders": ["@babylonjs/loaders@9.16.2", "", { "peerDependencies": { "@babylonjs/core": "^9.0.0", "babylonjs-gltf2interface": "^9.0.0" } }, "sha512-iNmhiOc8XodJC19SsZ8mGlebPkuVHHKiC4r2quedkobkkb7aDoBp7NSSuuiKhYkhmCXQ9eUxWkWXnRHwpjgDZA=="],

    "@babylonjs/materials": ["@babylonjs/materials@9.16.2", "", { "peerDependencies": { "@babylonjs/core": "^9.0.0" } }, "sha512-Oe2Xiy5JxFYcNAftPJRPwYr1kFCZ7WIOeokHvuupFzJLPwBKDdhR2Mlg/TGd6p4C9o+xtK11mjiiidfnc19MeQ=="],

    "@codemirror/autocomplete": ["@codemirror/autocomplete@6.20.3", "", { "dependencies": { "@codemirror/language": "^6.0.0", "@codemirror/state": "^6.0.0", "@codemirror/view": "^6.17.0", "@lezer/common": "^1.0.0" } }, "sha512-tlosUqb+3BbxCxZdu4tKeRghPFC+QM7q4X5YhKV2eCmPG+1r2F3f4AaSz5sCrFqUtX4Jh20VFTKecl16MgiV9g=="],

    "@codemirror/commands": ["@codemirror/commands@6.10.4", "", { "dependencies": { "@codemirror/language": "^6.0.0", "@codemirror/state": "^6.7.0", "@codemirror/view": "^6.27.0", "@lezer/common": "^1.1.0" } }, "sha512-Ryk9y9T0FFVF0cUGhAknveAyUOl/A1qReTFi+qPKtOh2Z9F4AUBz3XOrYD4ZEgZirdugVzHvd/2/Wcwy5OliTg=="],

    "@codemirror/lang-css": ["@codemirror/lang-css@6.3.1", "", { "dependencies": { "@codemirror/autocomplete": "^6.0.0", "@codemirror/language": "^6.0.0", "@codemirror/state": "^6.0.0", "@lezer/common": "^1.0.2", "@lezer/css": "^1.1.7" } }, "sha512-kr5fwBGiGtmz6l0LSJIbno9QrifNMUusivHbnA1H6Dmqy4HZFte3UAICix1VuKo0lMPKQr2rqB+0BkKi/S3Ejg=="],

    "@codemirror/lang-html": ["@codemirror/lang-html@6.4.11", "", { "dependencies": { "@codemirror/autocomplete": "^6.0.0", "@codemirror/lang-css": "^6.0.0", "@codemirror/lang-javascript": "^6.0.0", "@codemirror/language": "^6.4.0", "@codemirror/state": "^6.0.0", "@codemirror/view": "^6.17.0", "@lezer/common": "^1.0.0", "@lezer/css": "^1.1.0", "@lezer/html": "^1.3.12" } }, "sha512-9NsXp7Nwp891pQchI7gPdTwBuSuT3K65NGTHWHNJ55HjYcHLllr0rbIZNdOzas9ztc1EUVBlHou85FFZS4BNnw=="],

    "@codemirror/lang-javascript": ["@codemirror/lang-javascript@6.2.5", "", { "dependencies": { "@codemirror/autocomplete": "^6.0.0", "@codemirror/language": "^6.6.0", "@codemirror/lint": "^6.0.0", "@codemirror/state": "^6.0.0", "@codemirror/view": "^6.17.0", "@lezer/common": "^1.0.0", "@lezer/javascript": "^1.0.0" } }, "sha512-zD4e5mS+50htS7F+TYjBPsiIFGanfVqg4HyUz6WNFikgOPf2BgKlx+TQedI1w6n/IqRBVBbBWmGFdLB/7uxO4A=="],

    "@codemirror/lang-markdown": ["@codemirror/lang-markdown@6.5.1", "", { "dependencies": { "@codemirror/autocomplete": "^6.7.1", "@codemirror/lang-html": "^6.0.0", "@codemirror/language": "^6.3.0", "@codemirror/state": "^6.0.0", "@codemirror/view": "^6.0.0", "@lezer/common": "^1.2.1", "@lezer/markdown": "^1.0.0" } }, "sha512-6re5avCNfyRMIoi3XNjbEfQM1vTeVD3JS3g/Fyegyso/eoANFM71Cyvbb66LDyYtQLMEcRFlzioywCqDo9SlLA=="],

    "@codemirror/language": ["@codemirror/language@6.12.4", "", { "dependencies": { "@codemirror/state": "^6.0.0", "@codemirror/view": "^6.23.0", "@lezer/common": "^1.5.0", "@lezer/highlight": "^1.0.0", "@lezer/lr": "^1.0.0", "style-mod": "^4.0.0" } }, "sha512-1q4PaT+o6PbgpkJt4Q8Fv5XJxTy4FUZ4MWETtyiDw3J0Pyr9E2vqcKL+k9wcvjNTIsauxvE7OfmWj3FRPHQ76A=="],

    "@codemirror/lint": ["@codemirror/lint@6.9.7", "", { "dependencies": { "@codemirror/state": "^6.0.0", "@codemirror/view": "^6.42.0", "crelt": "^1.0.5" } }, "sha512-28/+iWLYxKxsvGYhSYL7zaCZqLz5+FFFDq9tVsvGv9kv8RY4fFAchJ5WX9M3YrrRlTIsECjsXPqeNgnSmNP2dg=="],

    "@codemirror/search": ["@codemirror/search@6.7.1", "", { "dependencies": { "@codemirror/state": "^6.0.0", "@codemirror/view": "^6.37.0", "crelt": "^1.0.5" } }, "sha512-uMe5UO6PamJtSHrXhhHOzSX3ReWtiJrva6GnPMwSOrZtiExb5X5eExhr2OUZQVvdxPsKpY3Ro2mFbQadpPWmHA=="],

    "@codemirror/state": ["@codemirror/state@6.7.1", "", { "dependencies": { "@marijn/find-cluster-break": "^1.0.0" } }, "sha512-9QzNDgE4EYDnAHfrTlR2lwiPciiOymLtwKK+8yHQzCc7GXhAP9xdEbEJFy2IWB1j9UGUl9BsgMmTo/ImA02T7A=="],

    "@codemirror/theme-one-dark": ["@codemirror/theme-one-dark@6.1.3", "", { "dependencies": { "@codemirror/language": "^6.0.0", "@codemirror/state": "^6.0.0", "@codemirror/view": "^6.0.0", "@lezer/highlight": "^1.0.0" } }, "sha512-NzBdIvEJmx6fjeremiGp3t/okrLPYT0d9orIc7AFun8oZcRk58aejkqhv6spnz4MLAevrKNPMQYXEWMg4s+sKA=="],

    "@codemirror/view": ["@codemirror/view@6.43.7", "", { "dependencies": { "@codemirror/state": "^6.7.0", "crelt": "^1.0.6", "style-mod": "^4.1.0", "w3c-keyname": "^2.2.4" } }, "sha512-FZsExxkoxnAN+d9TgqXLg5g4A1oQwzX9WlkOT5i2PKkcW7xx3Bmu0vs90g6fo9Mpdsb/l96dnAraQ8932aO4/g=="],

    "@eslint-community/eslint-utils": ["@eslint-community/eslint-utils@4.9.1", "", { "dependencies": { "eslint-visitor-keys": "^3.4.3" }, "peerDependencies": { "eslint": "^6.0.0 || ^7.0.0 || >=8.0.0" } }, ""],

    "@eslint-community/regexpp": ["@eslint-community/regexpp@4.12.2", "", {}, ""],

    "@eslint/config-array": ["@eslint/config-array@0.23.5", "", { "dependencies": { "@eslint/object-schema": "^3.0.5", "debug": "^4.3.1", "minimatch": "^10.2.4" } }, ""],

    "@eslint/config-helpers": ["@eslint/config-helpers@0.6.0", "", { "dependencies": { "@eslint/core": "^1.2.1" } }, ""],

    "@eslint/core": ["@eslint/core@1.2.1", "", { "dependencies": { "@types/json-schema": "^7.0.15" } }, ""],

    "@eslint/js": ["@eslint/js@10.0.1", "", { "peerDependencies": { "eslint": "^10.0.0" } }, ""],

    "@eslint/object-schema": ["@eslint/object-schema@3.0.5", "", {}, ""],

    "@eslint/plugin-kit": ["@eslint/plugin-kit@0.7.2", "", { "dependencies": { "@eslint/core": "^1.2.1", "levn": "^0.4.1" } }, ""],

    "@humanfs/core": ["@humanfs/core@0.19.2", "", { "dependencies": { "@humanfs/types": "^0.15.0" } }, ""],

    "@humanfs/node": ["@humanfs/node@0.16.8", "", { "dependencies": { "@humanfs/core": "^0.19.2", "@humanfs/types": "^0.15.0", "@humanwhocodes/retry": "^0.4.0" } }, ""],

    "@humanfs/types": ["@humanfs/types@0.15.0", "", {}, ""],

    "@humanwhocodes/module-importer": ["@humanwhocodes/module-importer@1.0.1", "", {}, ""],

    "@humanwhocodes/retry": ["@humanwhocodes/retry@0.4.3", "", {}, ""],

    "@lezer/common": ["@lezer/common@1.5.2", "", {}, "sha512-sxQE460fPZyU3sdc8lafxiPwJHBzZRy/udNFynGQky1SePYBdhkBl1kOagA9uT3pxR8K09bOrmTUqA9wb/PjSQ=="],

    "@lezer/css": ["@lezer/css@1.3.4", "", { "dependencies": { "@lezer/common": "^1.2.0", "@lezer/highlight": "^1.0.0", "@lezer/lr": "^1.3.0" } }, "sha512-N+tn9tej2hPvyKgHEApMOQfHczDJCwxrRFS3SPn9QjYN+uwHvEDnCgKRrb3mxDYxRS8sKMM8fhC3+lc04Abz5Q=="],

    "@lezer/highlight": ["@lezer/highlight@1.2.3", "", { "dependencies": { "@lezer/common": "^1.3.0" } }, "sha512-qXdH7UqTvGfdVBINrgKhDsVTJTxactNNxLk7+UMwZhU13lMHaOBlJe9Vqp907ya56Y3+ed2tlqzys7jDkTmW0g=="],

    "@lezer/html": ["@lezer/html@1.3.13", "", { "dependencies": { "@lezer/common": "^1.2.0", "@lezer/highlight": "^1.0.0", "@lezer/lr": "^1.0.0" } }, "sha512-oI7n6NJml729m7pjm9lvLvmXbdoMoi2f+1pwSDJkl9d68zGr7a9Btz8NdHTGQZtW2DA25ybeuv/SyDb9D5tseg=="],

    "@lezer/javascript": ["@lezer/javascript@1.5.4", "", { "dependencies": { "@lezer/common": "^1.2.0", "@lezer/highlight": "^1.1.3", "@lezer/lr": "^1.3.0" } }, "sha512-vvYx3MhWqeZtGPwDStM2dwgljd5smolYD2lR2UyFcHfxbBQebqx8yjmFmxtJ/E6nN6u1D9srOiVWm3Rb4tmcUA=="],

    "@lezer/lr": ["@lezer/lr@1.4.10", "", { "dependencies": { "@lezer/common": "^1.0.0" } }, "sha512-rnCpTIBafOx4mRp43xOxDJbFipJm/c0cia/V5TiGlhmMa+wsSdoGmUN3w5Bqrks/09Q/D4tNAmWaT8p6NRi77A=="],

    "@lezer/markdown": ["@lezer/markdown@1.7.2", "", { "dependencies": { "@lezer/common": "^1.5.0", "@lezer/highlight": "^1.0.0" } }, "sha512-iTkYvoVcKt3WkeL7qUDyXHONZEwLio4wj8KTNi2dnjQEXBZKMV63BpQrPqfsM+OkvuRbiSTAcycYAsQzLhRNoQ=="],

    "@marijn/find-cluster-break": ["@marijn/find-cluster-break@1.0.3", "", {}, "sha512-FY+MKLBoTsLNJF/eLWaOsXGdz6uh3Iu1axjPf6TUq92IYumcTcXWHoS747JARLkcdlJ/Waiaxc5wQfFO8jC6NA=="],

    "@types/bun": ["@types/bun@1.3.14", "", { "dependencies": { "bun-types": "1.3.14" } }, "sha512-h1hFqFVcvAvD9j9K7ZW7vd82aSA+rTdznZa+5bwvCwqSB1jmmfLcbIWhOLx1/+boy/xmjgCs/OMUL8hRJSmnPw=="],

    "@types/esrecurse": ["@types/esrecurse@4.3.1", "", {}, ""],

    "@types/estree": ["@types/estree@1.0.9", "", {}, ""],

    "@types/json-schema": ["@types/json-schema@7.0.15", "", {}, ""],

    "@types/node": ["@types/node@25.9.2", "", { "dependencies": { "undici-types": ">=7.24.0 <7.24.7" } }, ""],

    "@types/whatwg-mimetype": ["@types/whatwg-mimetype@3.0.2", "", {}, "sha512-c2AKvDT8ToxLIOUlN51gTiHXflsfIFisS4pO7pDPoKouJCESkhZnEy623gwP9laCy5lnLDAw1vAzu2vM2YLOrA=="],

    "@types/ws": ["@types/ws@8.18.1", "", { "dependencies": { "@types/node": "*" } }, "sha512-ThVF6DCVhA8kUGy+aazFQ4kXQ7E1Ty7A3ypFOe0IcJV8O/M511G99AW24irKrW56Wt44yG9+ij8FaqoBGkuBXg=="],

    "@typescript-eslint/eslint-plugin": ["@typescript-eslint/eslint-plugin@8.62.1", "", { "dependencies": { "@eslint-community/regexpp": "^4.12.2", "@typescript-eslint/scope-manager": "8.62.1", "@typescript-eslint/type-utils": "8.62.1", "@typescript-eslint/utils": "8.62.1", "@typescript-eslint/visitor-keys": "8.62.1", "ignore": "^7.0.5", "natural-compare": "^1.4.0", "ts-api-utils": "^2.5.0" }, "peerDependencies": { "@typescript-eslint/parser": "^8.62.1", "eslint": "^8.57.0 || ^9.0.0 || ^10.0.0", "typescript": ">=4.8.4 <6.1.0" } }, "sha512-4EQM77WgVNxj7OkL/5b/D/xZsw00G577+UriYTC7JF5opcF3T2AuoeY7ueLaZgSVjSgCS6yOAJB5bRGLPSJUzA=="],

    "@typescript-eslint/parser": ["@typescript-eslint/parser@8.62.1", "", { "dependencies": { "@typescript-eslint/scope-manager": "8.62.1", "@typescript-eslint/types": "8.62.1", "@typescript-eslint/typescript-estree": "8.62.1", "@typescript-eslint/visitor-keys": "8.62.1", "debug": "^4.4.3" }, "peerDependencies": { "eslint": "^8.57.0 || ^9.0.0 || ^10.0.0", "typescript": ">=4.8.4 <6.1.0" } }, "sha512-sPhE4iHuJDSvoAiec+Ro8JyXw8f0ql13HFR82P99nCm9GwTEKG0KYLvDe6REk8BCXuit6vJAv/Yxg5ABaNS2rA=="],

    "@typescript-eslint/project-service": ["@typescript-eslint/project-service@8.62.1", "", { "dependencies": { "@typescript-eslint/tsconfig-utils": "^8.62.1", "@typescript-eslint/types": "^8.62.1", "debug": "^4.4.3" }, "peerDependencies": { "typescript": ">=4.8.4 <6.1.0" } }, "sha512-yQ3RgY5RkSBpsNS1Bx/JQEcA24FOSdfGktoyprAr5u18390UQdtVcfnEv4nIrIshNnavlVyZBKxQwT1fIAE6cg=="],

    "@typescript-eslint/scope-manager": ["@typescript-eslint/scope-manager@8.62.1", "", { "dependencies": { "@typescript-eslint/types": "8.62.1", "@typescript-eslint/visitor-keys": "8.62.1" } }, "sha512-r4d249KbQ1SFdpeStvob8Ih6aPPIzfqllPVOtvhve6ZcpuVcYo5/7zUWckKpHE7StASX4kTKZTLf0WQm/wPkcg=="],

    "@typescript-eslint/tsconfig-utils": ["@typescript-eslint/tsconfig-utils@8.62.1", "", { "peerDependencies": { "typescript": ">=4.8.4 <6.1.0" } }, "sha512-xadytJqX9vJVQ2fdQjkcIVigwaOJNWkpjdLt6cEQ+xPnrI1fkp+/jZE/I97k9KUjqtpd25i0HeyZf3T6dutv2g=="],

    "@typescript-eslint/type-utils": ["@typescript-eslint/type-utils@8.62.1", "", { "dependencies": { "@typescript-eslint/types": "8.62.1", "@typescript-eslint/typescript-estree": "8.62.1", "@typescript-eslint/utils": "8.62.1", "debug": "^4.4.3", "ts-api-utils": "^2.5.0" }, "peerDependencies": { "eslint": "^8.57.0 || ^9.0.0 || ^10.0.0", "typescript": ">=4.8.4 <6.1.0" } }, "sha512-aXM5xlqXiTxPibXB93cLAURfT3rlizf7uMXISCXy66Isr/9hISJx3yDsKl0L7lKa51b8JpFuNKby0/O0pEm9jg=="],

    "@typescript-eslint/types": ["@typescript-eslint/types@8.62.1", "", {}, "sha512-ooCzJFaf+Hg+uG6fA3NRFGuFjlfNlDhBthbv4ZPU/0elCAFUfnyXUvf/WOpHz/jYwSmvU2GkR2LtyUfy1AxZ1Q=="],

    "@typescript-eslint/typescript-estree": ["@typescript-eslint/typescript-estree@8.62.1", "", { "dependencies": { "@typescript-eslint/project-service": "8.62.1", "@typescript-eslint/tsconfig-utils": "8.62.1", "@typescript-eslint/types": "8.62.1", "@typescript-eslint/visitor-keys": "8.62.1", "debug": "^4.4.3", "minimatch": "^10.2.2", "semver": "^7.7.3", "tinyglobby": "^0.2.15", "ts-api-utils": "^2.5.0" }, "peerDependencies": { "typescript": ">=4.8.4 <6.1.0" } }, "sha512-xMcW9oP9u7fAMXYs9A65CVmtLQe2r//oXINHfi8HV+oiqhih17sbLdhXr4540YWlgpDKQdY854OL5ZrdCiQsAA=="],

    "@typescript-eslint/utils": ["@typescript-eslint/utils@8.62.1", "", { "dependencies": { "@eslint-community/eslint-utils": "^4.9.1", "@typescript-eslint/scope-manager": "8.62.1", "@typescript-eslint/types": "8.62.1", "@typescript-eslint/typescript-estree": "8.62.1" }, "peerDependencies": { "eslint": "^8.57.0 || ^9.0.0 || ^10.0.0", "typescript": ">=4.8.4 <6.1.0" } }, "sha512-sHtbPfuKNZCG+ih8SyjjucqRntSVmp8XgL5u6o9mAhiSn8ds5o/M/XdM0abweme2Tln3szOstOrZ9OXitvPh0g=="],

    "@typescript-eslint/visitor-keys": ["@typescript-eslint/visitor-keys@8.62.1", "", { "dependencies": { "@typescript-eslint/types": "8.62.1", "eslint-visitor-keys": "^5.0.0" } }, "sha512-4g3BLxfdTMy8iZG0MaBkadnlRrCJ74cQiFbyEVMrkwIoqdyaXXQM22cotDvrl4x28wgIZ9rEJRoM+mmhSJpJ1g=="],

    "acorn": ["acorn@8.16.0", "", { "bin": "bin/acorn" }, ""],

    "acorn-jsx": ["acorn-jsx@5.3.2", "", { "peerDependencies": { "acorn": "^6.0.0 || ^7.0.0 || ^8.0.0" } }, ""],

    "ajv": ["ajv@6.14.0", "", { "dependencies": { "fast-deep-equal": "^3.1.1", "fast-json-stable-stringify": "^2.0.0", "json-schema-traverse": "^0.4.1", "uri-js": "^4.2.2" } }, ""],

    "babylonjs-gltf2interface": ["babylonjs-gltf2interface@9.16.2", "", {}, "sha512-h1qvmBI4DCzcz8JHjGJfCkC0KGZ80m5f/AMZYK8T9/m7VSlDxxsMTrYVPPSkuRqucmS9t0aeznPep/Luuxm/IA=="],

    "balanced-match": ["balanced-match@4.0.4", "", {}, "sha512-BLrgEcRTwX2o6gGxGOCNyMvGSp35YofuYzw9h1IMTRmKqttAZZVU67bdb9Pr2vUHA8+j3i2tJfjO6C6+4myGTA=="],

    "brace-expansion": ["brace-expansion@5.0.6", "", { "dependencies": { "balanced-match": "^4.0.2" } }, "sha512-kLpxurY4Z4r9sgMsyG0Z9uzsBlgiU/EFKhj/h91/8yHu0edo7XuixOIH3VcJ8kkxs6/jPzoI6U9Vj3WqbMQ94g=="],

    "buffer-image-size": ["buffer-image-size@0.6.4", "", { "dependencies": { "@types/node": "*" } }, "sha512-nEh+kZOPY1w+gcCMobZ6ETUp9WfibndnosbpwB1iJk/8Gt5ZF2bhS6+B6bPYz424KtwsR6Rflc3tCz1/ghX2dQ=="],

    "bun-types": ["bun-types@1.3.14", "", { "dependencies": { "@types/node": "*" } }, ""],

    "chokidar": ["chokidar@4.0.3", "", { "dependencies": { "readdirp": "^4.0.1" } }, "sha512-Qgzu8kfBvo+cA4962jnP1KkS6Dop5NS6g7R5LFYJr4b8Ub94PPQXUksCw9PvXoeXPRRddRNC5C1JQUR2SMGtnA=="],

    "crelt": ["crelt@1.0.7", "", {}, "sha512-aK6BbWfhf4U/wCcLHKPJl/xa6VkVstRaPywWtMKGwuOLc/wZTyQYuoxgvZnNsBvv7Kg3YTBQYYBCggcviQczuA=="],

    "cross-spawn": ["cross-spawn@7.0.6", "", { "dependencies": { "path-key": "^3.1.0", "shebang-command": "^2.0.0", "which": "^2.0.1" } }, "sha512-uV2QOWP2nWzsy2aMp8aRibhi9dlzF5Hgh5SHaB9OiTGEyDTiJJyx0uy51QXdyWbtAHNua4XJzUKca3OzKUd3vA=="],

    "debug": ["debug@4.4.3", "", { "dependencies": { "ms": "^2.1.3" } }, ""],

    "deep-is": ["deep-is@0.1.4", "", {}, ""],

    "entities": ["entities@7.0.1", "", {}, "sha512-TWrgLOFUQTH994YUyl1yT4uyavY5nNB5muff+RtWaqNVCAK408b5ZnnbNAUEWLTCpum9w6arT70i1XdQ4UeOPA=="],

    "escape-string-regexp": ["escape-string-regexp@4.0.0", "", {}, ""],

    "eslint": ["eslint@10.6.0", "", { "dependencies": { "@eslint-community/eslint-utils": "^4.8.0", "@eslint-community/regexpp": "^4.12.2", "@eslint/config-array": "^0.23.5", "@eslint/config-helpers": "^0.6.0", "@eslint/core": "^1.2.1", "@eslint/plugin-kit": "^0.7.2", "@humanfs/node": "^0.16.6", "@humanwhocodes/module-importer": "^1.0.1", "@humanwhocodes/retry": "^0.4.2", "@types/estree": "^1.0.6", "ajv": "^6.14.0", "cross-spawn": "^7.0.6", "debug": "^4.3.2", "escape-string-regexp": "^4.0.0", "eslint-scope": "^9.1.2", "eslint-visitor-keys": "^5.0.1", "espree": "^11.2.0", "esquery": "^1.7.0", "esutils": "^2.0.2", "fast-deep-equal": "^3.1.3", "file-entry-cache": "^8.0.0", "find-up": "^5.0.0", "glob-parent": "^6.0.2", "ignore": "^5.2.0", "imurmurhash": "^0.1.4", "is-glob": "^4.0.0", "json-stable-stringify-without-jsonify": "^1.0.1", "minimatch": "^10.2.4", "natural-compare": "^1.4.0", "optionator": "^0.9.3" }, "peerDependencies": { "jiti": "*" }, "optionalPeers": ["jiti"], "bin": { "eslint": "bin/eslint.js" } }, "sha512-6lVbcqSodALYo+4ELD0heG6lFiFxnLMuLkiMi2qV8LMp54N8tE8FT1GMH+ev4Ti00nFjNze2+Su6DsV5OQW3Dg=="],

    "eslint-scope": ["eslint-scope@9.1.2", "", { "dependencies": { "@types/esrecurse": "^4.3.1", "@types/estree": "^1.0.8", "esrecurse": "^4.3.0", "estraverse": "^5.2.0" } }, ""],

    "eslint-visitor-keys": ["eslint-visitor-keys@5.0.1", "", {}, ""],

    "espree": ["espree@11.2.0", "", { "dependencies": { "acorn": "^8.16.0", "acorn-jsx": "^5.3.2", "eslint-visitor-keys": "^5.0.1" } }, ""],

    "esquery": ["esquery@1.7.0", "", { "dependencies": { "estraverse": "^5.1.0" } }, ""],

    "esrecurse": ["esrecurse@4.3.0", "", { "dependencies": { "estraverse": "^5.2.0" } }, ""],

    "estraverse": ["estraverse@5.3.0", "", {}, ""],

    "esutils": ["esutils@2.0.3", "", {}, ""],

    "fast-deep-equal": ["fast-deep-equal@3.1.3", "", {}, ""],

    "fast-json-stable-stringify": ["fast-json-stable-stringify@2.1.0", "", {}, ""],

    "fast-levenshtein": ["fast-levenshtein@2.0.6", "", {}, ""],

    "fdir": ["fdir@6.5.0", "", { "peerDependencies": { "picomatch": "^3 || ^4" } }, ""],

    "file-entry-cache": ["file-entry-cache@8.0.0", "", { "dependencies": { "flat-cache": "^4.0.0" } }, ""],

    "find-up": ["find-up@5.0.0", "", { "dependencies": { "locate-path": "^6.0.0", "path-exists": "^4.0.0" } }, ""],

    "flat-cache": ["flat-cache@4.0.1", "", { "dependencies": { "flatted": "^3.2.9", "keyv": "^4.5.4" } }, ""],

    "flatted": ["flatted@3.4.2", "", {}, ""],

    "glob-parent": ["glob-parent@6.0.2", "", { "dependencies": { "is-glob": "^4.0.3" } }, ""],

    "globals": ["globals@17.7.0", "", {}, "sha512-Czmyns5dUsq4seFBR/Kdydhmo8y9kC79hiSkPn0YcGtNnYWnrgt0vjrSjx9tspoDGWm2CMarffRuLjM4xUz8xg=="],

    "haltija": ["haltija@1.4.0", "", { "dependencies": { "tosijs-schema": "^1.1.3" }, "bin": { "tosijs-dev": "bin/tosijs-dev.mjs", "haltija": "bin/tosijs-dev.mjs", "hj": "bin/hj.mjs", "haltija-mcp-setup": "bin/mcp-setup.mjs" } }, "sha512-OHNjfMibAeK1MjjIMZvHkew3A9CY6F1tyPm1bNwjPYy4P98RAnhHNrz3kqphT7dxei2K5P3Ypuvvr9OrDDUCfg=="],

    "happy-dom": ["happy-dom@20.10.6", "", { "dependencies": { "@types/node": ">=20.0.0", "@types/whatwg-mimetype": "^3.0.2", "@types/ws": "^8.18.1", "buffer-image-size": "^0.6.4", "entities": "^7.0.1", "whatwg-mimetype": "^3.0.0", "ws": "^8.21.0" } }, "sha512-6QD0ilzDDt93tX44y8tbmZdAcdTRYDhUP+Asgi6pC8Pp5IA3cvaZGyoVN/EGtlq9ziT65iPuBBn3ASLr6hCgVw=="],

    "ignore": ["ignore@5.3.2", "", {}, ""],

    "imurmurhash": ["imurmurhash@0.1.4", "", {}, ""],

    "is-extglob": ["is-extglob@2.1.1", "", {}, ""],

    "is-glob": ["is-glob@4.0.3", "", { "dependencies": { "is-extglob": "^2.1.1" } }, ""],

    "isexe": ["isexe@2.0.0", "", {}, ""],

    "jolt-physics": ["jolt-physics@1.1.0", "", {}, "sha512-Erl+X0yK2f9/8Wrl55Nb2y9FYS5xDx375EabnHq+TbSDYEuPZBLvpaLV4nbc1M5gyA5Llbug81wSj1zSMRUr7Q=="],

    "json-buffer": ["json-buffer@3.0.1", "", {}, ""],

    "json-schema-traverse": ["json-schema-traverse@0.4.1", "", {}, ""],

    "json-stable-stringify-without-jsonify": ["json-stable-stringify-without-jsonify@1.0.1", "", {}, ""],

    "keyv": ["keyv@4.5.4", "", { "dependencies": { "json-buffer": "3.0.1" } }, ""],

    "levn": ["levn@0.4.1", "", { "dependencies": { "prelude-ls": "^1.2.1", "type-check": "~0.4.0" } }, ""],

    "locate-path": ["locate-path@6.0.0", "", { "dependencies": { "p-locate": "^5.0.0" } }, ""],

    "marked": ["marked@16.4.2", "", { "bin": "bin/marked.js" }, ""],

    "minimatch": ["minimatch@10.2.5", "", { "dependencies": { "brace-expansion": "^5.0.5" } }, "sha512-MULkVLfKGYDFYejP07QOurDLLQpcjk7Fw+7jXS2R2czRQzR56yHRveU5NDJEOviH+hETZKSkIk5c+T23GjFUMg=="],

    "ms": ["ms@2.1.3", "", {}, ""],

    "natural-compare": ["natural-compare@1.4.0", "", {}, ""],

    "optionator": ["optionator@0.9.4", "", { "dependencies": { "deep-is": "^0.1.3", "fast-levenshtein": "^2.0.6", "levn": "^0.4.1", "prelude-ls": "^1.2.1", "type-check": "^0.4.0", "word-wrap": "^1.2.5" } }, ""],

    "p-limit": ["p-limit@3.1.0", "", { "dependencies": { "yocto-queue": "^0.1.0" } }, ""],

    "p-locate": ["p-locate@5.0.0", "", { "dependencies": { "p-limit": "^3.0.2" } }, ""],

    "path-exists": ["path-exists@4.0.0", "", {}, ""],

    "path-key": ["path-key@3.1.1", "", {}, ""],

    "picomatch": ["picomatch@4.0.4", "", {}, "sha512-QP88BAKvMam/3NxH6vj2o21R6MjxZUAd6nlwAS/pnGvN9IVLocLHxGYIzFhg6fUQ+5th6P4dv4eW9jX3DSIj7A=="],

    "prelude-ls": ["prelude-ls@1.2.1", "", {}, ""],

    "prettier": ["prettier@2.8.8", "", { "bin": "bin-prettier.js" }, ""],

    "punycode": ["punycode@2.3.1", "", {}, ""],

    "readdirp": ["readdirp@4.1.2", "", {}, "sha512-GDhwkLfywWL2s6vEjyhri+eXmfH6j1L7JE27WhqLeYzoh/A3DBaYGEj2H/HFZCn/kMfim73FXxEJTw06WtxQwg=="],

    "semver": ["semver@7.8.3", "", { "bin": "bin/semver.js" }, ""],

    "shebang-command": ["shebang-command@2.0.0", "", { "dependencies": { "shebang-regex": "^3.0.0" } }, ""],

    "shebang-regex": ["shebang-regex@3.0.0", "", {}, ""],

    "style-mod": ["style-mod@4.1.3", "", {}, "sha512-i/n8VsZydrugj3Iuzll8+x/00GH2vnYsk1eomD8QiRrSAeW6ItbCQDtfXCeJHd0iwiNagqjQkvpvREEPtW3IoQ=="],

    "tinyglobby": ["tinyglobby@0.2.17", "", { "dependencies": { "fdir": "^6.5.0", "picomatch": "^4.0.4" } }, ""],

    "tosijs": ["tosijs@1.7.8", "", {}, "sha512-kAf/H1W8ZbsVQtMZvr3zhrAOLccPdOU1WjabXiYpixn6UYcWs7I/10fgkRgwWP2Im2ZHSjL3pdeHKUcYDLCdmA=="],

    "tosijs-schema": ["tosijs-schema@1.4.0", "", {}, "sha512-ESNQNw3dcCU3hMhrMLQvzPP+mRth+cew/YMjQt4Y6z8Hth2AMYCVRk/uc/MXcSoLiZhmhL0bF2hu66xlIsjZCQ=="],

    "tosijs-ui": ["tosijs-ui@1.7.4", "", { "dependencies": { "@codemirror/autocomplete": "^6.20.3", "@codemirror/commands": "^6.10.4", "@codemirror/lang-css": "^6.3.1", "@codemirror/lang-html": "^6.4.11", "@codemirror/lang-javascript": "^6.2.5", "@codemirror/lang-markdown": "^6.5.0", "@codemirror/language": "^6.12.4", "@codemirror/lint": "^6.9.7", "@codemirror/search": "^6.7.1", "@codemirror/state": "^6.7.0", "@codemirror/theme-one-dark": "^6.1.3", "@codemirror/view": "^6.43.4" }, "peerDependencies": { "@resvg/resvg-js": "^2.6.2", "happy-dom": "^20.7.0", "marked": "^16.4.2", "tjs-lang": "^0.12.0", "tosijs": "^1.7.8" }, "optionalPeers": ["@resvg/resvg-js", "happy-dom", "tjs-lang"], "bin": { "tosijs-make-icons": "bin/make-icon-data.js", "tosijs-dev-certs": "tls/create-dev-certs.sh" } }, "sha512-EZNGdlMcKl4P8tVqSB7jzqhOlO1lwROY38fLkBKAy3IUgkdfAC1qtIAVw8w4yXH9J9Vq7tIPWwMeKBJNMXBDWA=="],

    "ts-api-utils": ["ts-api-utils@2.5.0", "", { "peerDependencies": { "typescript": ">=4.8.4" } }, ""],

    "type-check": ["type-check@0.4.0", "", { "dependencies": { "prelude-ls": "^1.2.1" } }, ""],

    "typescript": ["typescript@5.9.3", "", { "bin": { "tsc": "bin/tsc", "tsserver": "bin/tsserver" } }, ""],

    "typescript-eslint": ["typescript-eslint@8.62.1", "", { "dependencies": { "@typescript-eslint/eslint-plugin": "8.62.1", "@typescript-eslint/parser": "8.62.1", "@typescript-eslint/typescript-estree": "8.62.1", "@typescript-eslint/utils": "8.62.1" }, "peerDependencies": { "eslint": "^8.57.0 || ^9.0.0 || ^10.0.0", "typescript": ">=4.8.4 <6.1.0" } }, "sha512-vymnnM5g0AKQDSAyfP12nMIBvgwgA42syg74kkuZ4x1VuTzwQKwc5h9rGxeShCjny5o+zWAb6OEoz7XLgrIkIw=="],

    "undici-types": ["undici-types@7.24.6", "", {}, ""],

    "uri-js": ["uri-js@4.4.1", "", { "dependencies": { "punycode": "^2.1.0" } }, ""],

    "w3c-keyname": ["w3c-keyname@2.2.8", "", {}, "sha512-dpojBhNsCNN7T82Tm7k26A6G9ML3NkhDsnw9n/eoxSRlVBB4CEtIQ/KTCLI2Fwf3ataSXRhYFkQi3SlnFwPvPQ=="],

    "whatwg-mimetype": ["whatwg-mimetype@3.0.0", "", {}, "sha512-nt+N2dzIutVRxARx1nghPKGv1xHikU7HKdfafKkLNLindmPU/ch3U31NOCGGA/dmPcmb1VlofO0vnKAcsm0o/Q=="],

    "which": ["which@2.0.2", "", { "dependencies": { "isexe": "^2.0.0" }, "bin": { "node-which": "bin/node-which" } }, ""],

    "word-wrap": ["word-wrap@1.2.5", "", {}, ""],

    "ws": ["ws@8.21.0", "", { "peerDependencies": { "bufferutil": "^4.0.1", "utf-8-validate": ">=5.0.2" }, "optionalPeers": ["bufferutil", "utf-8-validate"] }, "sha512-Vsp28b7DRcimFQvrqu2Wek3z1iYxDCWqHYB8Qsnk/S4RfaCQzPGPyBNuVjJV3cd6UiKtUtp6sNM77gWvzcCH+g=="],

    "yocto-queue": ["yocto-queue@0.1.0", "", {}, ""],

    "@eslint-community/eslint-utils/eslint-visitor-keys": ["eslint-visitor-keys@3.4.3", "", {}, ""],

    "@typescript-eslint/eslint-plugin/ignore": ["ignore@7.0.5", "", {}, ""],
  }
}
